// !$*UTF8*$!
{
	archiveVersion = 1;
	classes = {
	};
	objectVersion = 55;
	objects = {

/* Begin PBXBuildFile section */
		596D688428650E010090D5F3 /* AppDelegate.swift in Sources */ = {isa = PBXBuildFile; fileRef = 596D688328650E010090D5F3 /* AppDelegate.swift */; };
		596D688628650E010090D5F3 /* SceneDelegate.swift in Sources */ = {isa = PBXBuildFile; fileRef = 596D688528650E010090D5F3 /* SceneDelegate.swift */; };
		596D688828650E010090D5F3 /* ViewController.swift in Sources */ = {isa = PBXBuildFile; fileRef = 596D688728650E010090D5F3 /* ViewController.swift */; };
		596D688B28650E010090D5F3 /* Main.storyboard in Resources */ = {isa = PBXBuildFile; fileRef = 596D688928650E010090D5F3 /* Main.storyboard */; };
		596D688D28650E030090D5F3 /* Assets.xcassets in Resources */ = {isa = PBXBuildFile; fileRef = 596D688C28650E030090D5F3 /* Assets.xcassets */; };
		596D689028650E030090D5F3 /* LaunchScreen.storyboard in Resources */ = {isa = PBXBuildFile; fileRef = 596D688E28650E030090D5F3 /* LaunchScreen.storyboard */; };
		596D689B28650E030090D5F3 /* Calculadora_iosTests.swift in Sources */ = {isa = PBXBuildFile; fileRef = 596D689A28650E030090D5F3 /* Calculadora_iosTests.swift */; };
		596D68A528650E030090D5F3 /* Calculadora_iosUITests.swift in Sources */ = {isa = PBXBuildFile; fileRef = 596D68A428650E030090D5F3 /* Calculadora_iosUITests.swift */; };
		596D68A728650E030090D5F3 /* Calculadora_iosUITestsLaunchTests.swift in Sources */ = {isa = PBXBuildFile; fileRef = 596D68A628650E030090D5F3 /* Calculadora_iosUITestsLaunchTests.swift */; };
/* End PBXBuildFile section */

/* Begin PBXContainerItemProxy section */
		596D689728650E030090D5F3 /* PBXContainerItemProxy */ = {
			isa = PBXContainerItemProxy;
			containerPortal = 596D687828650E010090D5F3 /* Project object */;
			proxyType = 1;
			remoteGlobalIDString = 596D687F28650E010090D5F3;
			remoteInfo = "Calculadora ios";
		};
		596D68A128650E030090D5F3 /* PBXContainerItemProxy */ = {
			isa = PBXContainerItemProxy;
			containerPortal = 596D687828650E010090D5F3 /* Project object */;
			proxyType = 1;
			remoteGlobalIDString = 596D687F28650E010090D5F3;
			remoteInfo = "Calculadora ios";
		};
/* End PBXContainerItemProxy section */

/* Begin PBXFileReference section */
		596D688028650E010090D5F3 /* Calculadora ios.app */ = {isa = PBXFileReference; explicitFileType = wrapper.application; includeInIndex = 0; path = "Calculadora ios.app"; sourceTree = BUILT_PRODUCTS_DIR; };
		596D688328650E010090D5F3 /* AppDelegate.swift */ = {isa = PBXFileReference; lastKnownFileType = sourcecode.swift; path = AppDelegate.swift; sourceTree = "<group>"; };
		596D688528650E010090D5F3 /* SceneDelegate.swift */ = {isa = PBXFileReference; lastKnownFileType = sourcecode.swift; path = SceneDelegate.swift; sourceTree = "<group>"; };
		596D688728650E010090D5F3 /* ViewController.swift */ = {isa = PBXFileReference; lastKnownFileType = sourcecode.swift; path = ViewController.swift; sourceTree = "<group>"; };
		596D688A28650E010090D5F3 /* Base */ = {isa = PBXFileReference; lastKnownFileType = file.storyboard; name = Base; path = Base.lproj/Main.storyboard; sourceTree = "<group>"; };
		596D688C28650E030090D5F3 /* Assets.xcassets */ = {isa = PBXFileReference; lastKnownFileType = folder.assetcatalog; path = Assets.xcassets; sourceTree = "<group>"; };
		596D688F28650E030090D5F3 /* Base */ = {isa = PBXFileReference; lastKnownFileType = file.storyboard; name = Base; path = Base.lproj/LaunchScreen.storyboard; sourceTree = "<group>"; };
		596D689128650E030090D5F3 /* Info.plist */ = {isa = PBXFileReference; lastKnownFileType = text.plist.xml; path = Info.plist; sourceTree = "<group>"; };
		596D689628650E030090D5F3 /* Calculadora iosTests.xctest */ = {isa = PBXFileReference; explicitFileType = wrapper.cfbundle; includeInIndex = 0; path = "Calculadora iosTests.xctest"; sourceTree = BUILT_PRODUCTS_DIR; };
		596D689A28650E030090D5F3 /* Calculadora_iosTests.swift */ = {isa = PBXFileReference; lastKnownFileType = sourcecode.swift; path = Calculadora_iosTests.swift; sourceTree = "<group>"; };
		596D68A028650E030090D5F3 /* Calculadora iosUITests.xctest */ = {isa = PBXFileReference; explicitFileType = wrapper.cfbundle; includeInIndex = 0; path = "Calculadora iosUITests.xctest"; sourceTree = BUILT_PRODUCTS_DIR; };
		596D68A428650E030090D5F3 /* Calculadora_iosUITests.swift */ = {isa = PBXFileReference; lastKnownFileType = sourcecode.swift; path = Calculadora_iosUITests.swift; sourceTree = "<group>"; };
		596D68A628650E030090D5F3 /* Calculadora_iosUITestsLaunchTests.swift */ = {isa = PBXFileReference; lastKnownFileType = sourcecode.swift; path = Calculadora_iosUITestsLaunchTests.swift; sourceTree = "<group>"; };
/* End PBXFileReference section */

/* Begin PBXFrameworksBuildPhase section */
		596D687D28650E010090D5F3 /* Frameworks */ = {
			isa = PBXFrameworksBuildPhase;
			buildActionMask = 2147483647;
			files = (
			);
			runOnlyForDeploymentPostprocessing = 0;
		};
		596D689328650E030090D5F3 /* Frameworks */ = {
			isa = PBXFrameworksBuildPhase;
			buildActionMask = 2147483647;
			files = (
			);
			runOnlyForDeploymentPostprocessing = 0;
		};
		596D689D28650E030090D5F3 /* Frameworks */ = {
			isa = PBXFrameworksBuildPhase;
			buildActionMask = 2147483647;
			files = (
			);
			runOnlyForDeploymentPostprocessing = 0;
		};
/* End PBXFrameworksBuildPhase section */

/* Begin PBXGroup section */
		596D687728650E010090D5F3 = {
			isa = PBXGroup;
			children = (
				596D688228650E010090D5F3 /* Calculadora ios */,
				596D689928650E030090D5F3 /* Calculadora iosTests */,
				596D68A328650E030090D5F3 /* Calculadora iosUITests */,
				596D688128650E010090D5F3 /* Products */,
			);
			sourceTree = "<group>";
		};
		596D688128650E010090D5F3 /* Products */ = {
			isa = PBXGroup;
			children = (
				596D688028650E010090D5F3 /* Calculadora ios.app */,
				596D689628650E030090D5F3 /* Calculadora iosTests.xctest */,
				596D68A028650E030090D5F3 /* Calculadora iosUITests.xctest */,
			);
			name = Products;
			sourceTree = "<group>";
		};
		596D688228650E010090D5F3 /* Calculadora ios */ = {
			isa = PBXGroup;
			children = (
				596D688328650E010090D5F3 /* AppDelegate.swift */,
				596D688528650E010090D5F3 /* SceneDelegate.swift */,
				596D688728650E010090D5F3 /* ViewController.swift */,
				596D688928650E010090D5F3 /* Main.storyboard */,
				596D688C28650E030090D5F3 /* Assets.xcassets */,
				596D688E28650E030090D5F3 /* LaunchScreen.storyboard */,
				596D689128650E030090D5F3 /* Info.plist */,
			);
			path = "Calculadora ios";
			sourceTree = "<group>";
		};
		596D689928650E030090D5F3 /* Calculadora iosTests */ = {
			isa = PBXGroup;
			children = (
				596D689A28650E030090D5F3 /* Calculadora_iosTests.swift */,
			);
			path = "Calculadora iosTests";
			sourceTree = "<group>";
		};
		596D68A328650E030090D5F3 /* Calculadora iosUITests */ = {
			isa = PBXGroup;
			children = (
				596D68A428650E030090D5F3 /* Calculadora_iosUITests.swift */,
				596D68A628650E030090D5F3 /* Calculadora_iosUITestsLaunchTests.swift */,
			);
			path = "Calculadora iosUITests";
			sourceTree = "<group>";
		};
/* End PBXGroup section */

/* Begin PBXNativeTarget section */
		596D687F28650E010090D5F3 /* Calculadora ios */ = {
			isa = PBXNativeTarget;
			buildConfigurationList = 596D68AA28650E030090D5F3 /* Build configuration list for PBXNativeTarget "Calculadora ios" */;
			buildPhases = (
				596D687C28650E010090D5F3 /* Sources */,
				596D687D28650E010090D5F3 /* Frameworks */,
				596D687E28650E010090D5F3 /* Resources */,
			);
			buildRules = (
			);
			dependencies = (
			);
			name = "Calculadora ios";
			productName = "Calculadora ios";
			productReference = 596D688028650E010090D5F3 /* Calculadora ios.app */;
			productType = "com.apple.product-type.application";
		};
		596D689528650E030090D5F3 /* Calculadora iosTests */ = {
			isa = PBXNativeTarget;
			buildConfigurationList = 596D68AD28650E030090D5F3 /* Build configuration list for PBXNativeTarget "Calculadora iosTests" */;
			buildPhases = (
				596D689228650E030090D5F3 /* Sources */,
				596D689328650E030090D5F3 /* Frameworks */,
				596D689428650E030090D5F3 /* Resources */,
			);
			buildRules = (
			);
			dependencies = (
				596D689828650E030090D5F3 /* PBXTargetDependency */,
			);
			name = "Calculadora iosTests";
			productName = "Calculadora iosTests";
			productReference = 596D689628650E030090D5F3 /* Calculadora iosTests.xctest */;
			productType = "com.apple.product-type.bundle.unit-test";
		};
		596D689F28650E030090D5F3 /* Calculadora iosUITests */ = {
			isa = PBXNativeTarget;
			buildConfigurationList = 596D68B028650E030090D5F3 /* Build configuration list for PBXNativeTarget "Calculadora iosUITests" */;
			buildPhases = (
				596D689C28650E030090D5F3 /* Sources */,
				596D689D28650E030090D5F3 /* Frameworks */,
				596D689E28650E030090D5F3 /* Resources */,
			);
			buildRules = (
			);
			dependencies = (
				596D68A228650E030090D5F3 /* PBXTargetDependency */,
			);
			name = "Calculadora iosUITests";
			productName = "Calculadora iosUITests";
			productReference = 596D68A028650E030090D5F3 /* Calculadora iosUITests.xctest */;
			productType = "com.apple.product-type.bundle.ui-testing";
		};
/* End PBXNativeTarget section */

/* Begin PBXProject section */
		596D687828650E010090D5F3 /* Project object */ = {
			isa = PBXProject;
			attributes = {
				BuildIndependentTargetsInParallel = 1;
				LastSwiftUpdateCheck = 1340;
				LastUpgradeCheck = 1340;
				TargetAttributes = {
					596D687F28650E010090D5F3 = {
						CreatedOnToolsVersion = 13.4.1;
					};
					596D689528650E030090D5F3 = {
						CreatedOnToolsVersion = 13.4.1;
						TestTargetID = 596D687F28650E010090D5F3;
					};
					596D689F28650E030090D5F3 = {
						CreatedOnToolsVersion = 13.4.1;
						TestTargetID = 596D687F28650E010090D5F3;
					};
				};
			};
			buildConfigurationList = 596D687B28650E010090D5F3 /* Build configuration list for PBXProject "Calculadora ios" */;
			compatibilityVersion = "Xcode 13.0";
			developmentRegion = en;
			hasScannedForEncodings = 0;
			knownRegions = (
				en,
				Base,
			);
			mainGroup = 596D687728650E010090D5F3;
			productRefGroup = 596D688128650E010090D5F3 /* Products */;
			projectDirPath = "";
			projectRoot = "";
			targets = (
				596D687F28650E010090D5F3 /* Calculadora ios */,
				596D689528650E030090D5F3 /* Calculadora iosTests */,
				596D689F28650E030090D5F3 /* Calculadora iosUITests */,
			);
		};
/* End PBXProject section */

/* Begin PBXResourcesBuildPhase section */
		596D687E28650E010090D5F3 /* Resources */ = {
			isa = PBXResourcesBuildPhase;
			buildActionMask = 2147483647;
			files = (
				596D689028650E030090D5F3 /* LaunchScreen.storyboard in Resources */,
				596D688D28650E030090D5F3 /* Assets.xcassets in Resources */,
				596D688B28650E010090D5F3 /* Main.storyboard in Resources */,
			);
			runOnlyForDeploymentPostprocessing = 0;
		};
		596D689428650E030090D5F3 /* Resources */ = {
			isa = PBXResourcesBuildPhase;
			buildActionMask = 2147483647;
			files = (
			);
			runOnlyForDeploymentPostprocessing = 0;
		};
		596D689E28650E030090D5F3 /* Resources */ = {
			isa = PBXResourcesBuildPhase;
			buildActionMask = 2147483647;
			files = (
			);
			runOnlyForDeploymentPostprocessing = 0;
		};
/* End PBXResourcesBuildPhase section */

/* Begin PBXSourcesBuildPhase section */
		596D687C28650E010090D5F3 /* Sources */ = {
			isa = PBXSourcesBuildPhase;
			buildActionMask = 2147483647;
			files = (
				596D688828650E010090D5F3 /* ViewController.swift in Sources */,
				596D688428650E010090D5F3 /* AppDelegate.swift in Sources */,
				596D688628650E010090D5F3 /* SceneDelegate.swift in Sources */,
			);
			runOnlyForDeploymentPostprocessing = 0;
		};
		596D689228650E030090D5F3 /* Sources */ = {
			isa = PBXSourcesBuildPhase;
			buildActionMask = 2147483647;
			files = (
				596D689B28650E030090D5F3 /* Calculadora_iosTests.swift in Sources */,
			);
			runOnlyForDeploymentPostprocessing = 0;
		};
		596D689C28650E030090D5F3 /* Sources */ = {
			isa = PBXSourcesBuildPhase;
			buildActionMask = 2147483647;
			files = (
				596D68A728650E030090D5F3 /* Calculadora_iosUITestsLaunchTests.swift in Sources */,
				596D68A528650E030090D5F3 /* Calculadora_iosUITests.swift in Sources */,
			);
			runOnlyForDeploymentPostprocessing = 0;
		};
/* End PBXSourcesBuildPhase section */

/* Begin PBXTargetDependency section */
		596D689828650E030090D5F3 /* PBXTargetDependency */ = {
			isa = PBXTargetDependency;
			target = 596D687F28650E010090D5F3 /* Calculadora ios */;
			targetProxy = 596D689728650E030090D5F3 /* PBXContainerItemProxy */;
		};
		596D68A228650E030090D5F3 /* PBXTargetDependency */ = {
			isa = PBXTargetDependency;
			target = 596D687F28650E010090D5F3 /* Calculadora ios */;
			targetProxy = 596D68A128650E030090D5F3 /* PBXContainerItemProxy */;
		};
/* End PBXTargetDependency section */

/* Begin PBXVariantGroup section */
		596D688928650E010090D5F3 /* Main.storyboard */ = {
			isa = PBXVariantGroup;
			children = (
				596D688A28650E010090D5F3 /* Base */,
			);
			name = Main.storyboard;
			sourceTree = "<group>";
		};
		596D688E28650E030090D5F3 /* LaunchScreen.storyboard */ = {
			isa = PBXVariantGroup;
			children = (
				596D688F28650E030090D5F3 /* Base */,
			);
			name = LaunchScreen.storyboard;
			sourceTree = "<group>";
		};
/* End PBXVariantGroup section */

/* Begin XCBuildConfiguration section */
		596D68A828650E030090D5F3 /* Debug */ = {
			isa = XCBuildConfiguration;
			buildSettings = {
				ALWAYS_SEARCH_USER_PATHS = NO;
				CLANG_ANALYZER_NONNULL = YES;
				CLANG_ANALYZER_NUMBER_OBJECT_CONVERSION = YES_AGGRESSIVE;
				CLANG_CXX_LANGUAGE_STANDARD = "gnu++17";
				CLANG_ENABLE_MODULES = YES;
				CLANG_ENABLE_OBJC_ARC = YES;
				CLANG_ENABLE_OBJC_WEAK = YES;
				CLANG_WARN_BLOCK_CAPTURE_AUTORELEASING = YES;
				CLANG_WARN_BOOL_CONVERSION = YES;
				CLANG_WARN_COMMA = YES;
				CLANG_WARN_CONSTANT_CONVERSION = YES;
				CLANG_WARN_DEPRECATED_OBJC_IMPLEMENTATIONS = YES;
				CLANG_WARN_DIRECT_OBJC_ISA_USAGE = YES_ERROR;
				CLANG_WARN_DOCUMENTATION_COMMENTS = YES;
				CLANG_WARN_EMPTY_BODY = YES;
				CLANG_WARN_ENUM_CONVERSION = YES;
				CLANG_WARN_INFINITE_RECURSION = YES;
				CLANG_WARN_INT_CONVERSION = YES;
				CLANG_WARN_NON_LITERAL_NULL_CONVERSION = YES;
				CLANG_WARN_OBJC_IMPLICIT_RETAIN_SELF = YES;
				CLANG_WARN_OBJC_LITERAL_CONVERSION = YES;
				CLANG_WARN_OBJC_ROOT_CLASS = YES_ERROR;
				CLANG_WARN_QUOTED_INCLUDE_IN_FRAMEWORK_HEADER = YES;
				CLANG_WARN_RANGE_LOOP_ANALYSIS = YES;
				CLANG_WARN_STRICT_PROTOTYPES = YES;
				CLANG_WARN_SUSPICIOUS_MOVE = YES;
				CLANG_WARN_UNGUARDED_AVAILABILITY = YES_AGGRESSIVE;
				CLANG_WARN_UNREACHABLE_CODE = YES;
				CLANG_WARN__DUPLICATE_METHOD_MATCH = YES;
				COPY_PHASE_STRIP = NO;
				DEBUG_INFORMATION_FORMAT = dwarf;
				ENABLE_STRICT_OBJC_MSGSEND = YES;
				ENABLE_TESTABILITY = YES;
				GCC_C_LANGUAGE_STANDARD = gnu11;
				GCC_DYNAMIC_NO_PIC = NO;
				GCC_NO_COMMON_BLOCKS = YES;
				GCC_OPTIMIZATION_LEVEL = 0;
				GCC_PREPROCESSOR_DEFINITIONS = (
					"DEBUG=1",
					"$(inherited)",
				);
				GCC_WARN_64_TO_32_BIT_CONVERSION = YES;
				GCC_WARN_ABOUT_RETURN_TYPE = YES_ERROR;
				GCC_WARN_UNDECLARED_SELECTOR = YES;
				GCC_WARN_UNINITIALIZED_AUTOS = YES_AGGRESSIVE;
				GCC_WARN_UNUSED_FUNCTION = YES;
				GCC_WARN_UNUSED_VARIABLE = YES;
				IPHONEOS_DEPLOYMENT_TARGET = 15.5;
				MTL_ENABLE_DEBUG_INFO = INCLUDE_SOURCE;
				MTL_FAST_MATH = YES;
				ONLY_ACTIVE_ARCH = YES;
				SDKROOT = iphoneos;
				SWIFT_ACTIVE_COMPILATION_CONDITIONS = DEBUG;
				SWIFT_OPTIMIZATION_LEVEL = "-Onone";
			};
			name = Debug;
		};
		596D68A928650E030090D5F3 /* Release */ = {
			isa = XCBuildConfiguration;
			buildSettings = {
				ALWAYS_SEARCH_USER_PATHS = NO;
				CLANG_ANALYZER_NONNULL = YES;
				CLANG_ANALYZER_NUMBER_OBJECT_CONVERSION = YES_AGGRESSIVE;
				CLANG_CXX_LANGUAGE_STANDARD = "gnu++17";
				CLANG_ENABLE_MODULES = YES;
				CLANG_ENABLE_OBJC_ARC = YES;
				CLANG_ENABLE_OBJC_WEAK = YES;
				CLANG_WARN_BLOCK_CAPTURE_AUTORELEASING = YES;
				CLANG_WARN_BOOL_CONVERSION = YES;
				CLANG_WARN_COMMA = YES;
				CLANG_WARN_CONSTANT_CONVERSION = YES;
				CLANG_WARN_DEPRECATED_OBJC_IMPLEMENTATIONS = YES;
				CLANG_WARN_DIRECT_OBJC_ISA_USAGE = YES_ERROR;
				CLANG_WARN_DOCUMENTATION_COMMENTS = YES;
				CLANG_WARN_EMPTY_BODY = YES;
				CLANG_WARN_ENUM_CONVERSION = YES;
				CLANG_WARN_INFINITE_RECURSION = YES;
				CLANG_WARN_INT_CONVERSION = YES;
				CLANG_WARN_NON_LITERAL_NULL_CONVERSION = YES;
				CLANG_WARN_OBJC_IMPLICIT_RETAIN_SELF = YES;
				CLANG_WARN_OBJC_LITERAL_CONVERSION = YES;
				CLANG_WARN_OBJC_ROOT_CLASS = YES_ERROR;
				CLANG_WARN_QUOTED_INCLUDE_IN_FRAMEWORK_HEADER = YES;
				CLANG_WARN_RANGE_LOOP_ANALYSIS = YES;
				CLANG_WARN_STRICT_PROTOTYPES = YES;
				CLANG_WARN_SUSPICIOUS_MOVE = YES;
				CLANG_WARN_UNGUARDED_AVAILABILITY = YES_AGGRESSIVE;
				CLANG_WARN_UNREACHABLE_CODE = YES;
				CLANG_WARN__DUPLICATE_METHOD_MATCH = YES;
				COPY_PHASE_STRIP = NO;
				DEBUG_INFORMATION_FORMAT = "dwarf-with-dsym";
				ENABLE_NS_ASSERTIONS = NO;
				ENABLE_STRICT_OBJC_MSGSEND = YES;
				GCC_C_LANGUAGE_STANDARD = gnu11;
				GCC_NO_COMMON_BLOCKS = YES;
				GCC_WARN_64_TO_32_BIT_CONVERSION = YES;
				GCC_WARN_ABOUT_RETURN_TYPE = YES_ERROR;
				GCC_WARN_UNDECLARED_SELECTOR = YES;
				GCC_WARN_UNINITIALIZED_AUTOS = YES_AGGRESSIVE;
				GCC_WARN_UNUSED_FUNCTION = YES;
				GCC_WARN_UNUSED_VARIABLE = YES;
				IPHONEOS_DEPLOYMENT_TARGET = 15.5;
				MTL_ENABLE_DEBUG_INFO = NO;
				MTL_FAST_MATH = YES;
				SDKROOT = iphoneos;
				SWIFT_COMPILATION_MODE = wholemodule;
				SWIFT_OPTIMIZATION_LEVEL = "-O";
				VALIDATE_PRODUCT = YES;
			};
			name = Release;
		};
		596D68AB28650E030090D5F3 /* Debug */ = {
			isa = XCBuildConfiguration;
			buildSettings = {
				ASSETCATALOG_COMPILER_APPICON_NAME = AppIcon;
				ASSETCATALOG_COMPILER_GLOBAL_ACCENT_COLOR_NAME = AccentColor;
				CODE_SIGN_STYLE = Automatic;
				CURRENT_PROJECT_VERSION = 1;
				GENERATE_INFOPLIST_FILE = YES;
				INFOPLIST_FILE = "Calculadora ios/Info.plist";
				INFOPLIST_KEY_UIApplicationSupportsIndirectInputEvents = YES;
				INFOPLIST_KEY_UILaunchStoryboardName = LaunchScreen;
				INFOPLIST_KEY_UIMainStoryboardFile = Main;
				INFOPLIST_KEY_UISupportedInterfaceOrientations_iPad = "UIInterfaceOrientationPortrait UIInterfaceOrientationPortraitUpsideDown UIInterfaceOrientationLandscapeLeft UIInterfaceOrientationLandscapeRight";
				INFOPLIST_KEY_UISupportedInterfaceOrientations_iPhone = "UIInterfaceOrientationPortrait UIInterfaceOrientationLandscapeLeft UIInterfaceOrientationLandscapeRight";
				LD_RUNPATH_SEARCH_PATHS = (
					"$(inherited)",
					"@executable_path/Frameworks",
				);
				MARKETING_VERSION = 1.0;
				PRODUCT_BUNDLE_IDENTIFIER = "MAURICIO.Calculadora-ios";
				PRODUCT_NAME = "$(TARGET_NAME)";
				SWIFT_EMIT_LOC_STRINGS = YES;
				SWIFT_VERSION = 5.0;
				TARGETED_DEVICE_FAMILY = "1,2";
			};
			name = Debug;
		};
		596D68AC28650E030090D5F3 /* Release */ = {
			isa = XCBuildConfiguration;
			buildSettings = {
				ASSETCATALOG_COMPILER_APPICON_NAME = AppIcon;
				ASSETCATALOG_COMPILER_GLOBAL_ACCENT_COLOR_NAME = AccentColor;
				CODE_SIGN_STYLE = Automatic;
				CURRENT_PROJECT_VERSION = 1;
				GENERATE_INFOPLIST_FILE = YES;
				INFOPLIST_FILE = "Calculadora ios/Info.plist";
				INFOPLIST_KEY_UIApplicationSupportsIndirectInputEvents = YES;
				INFOPLIST_KEY_UILaunchStoryboardName = LaunchScreen;
				INFOPLIST_KEY_UIMainStoryboardFile = Main;
				INFOPLIST_KEY_UISupportedInterfaceOrientations_iPad = "UIInterfaceOrientationPortrait UIInterfaceOrientationPortraitUpsideDown UIInterfaceOrientationLandscapeLeft UIInterfaceOrientationLandscapeRight";
				INFOPLIST_KEY_UISupportedInterfaceOrientations_iPhone = "UIInterfaceOrientationPortrait UIInterfaceOrientationLandscapeLeft UIInterfaceOrientationLandscapeRight";
				LD_RUNPATH_SEARCH_PATHS = (
					"$(inherited)",
					"@executable_path/Frameworks",
				);
				MARKETING_VERSION = 1.0;
				PRODUCT_BUNDLE_IDENTIFIER = "MAURICIO.Calculadora-ios";
				PRODUCT_NAME = "$(TARGET_NAME)";
				SWIFT_EMIT_LOC_STRINGS = YES;
				SWIFT_VERSION = 5.0;
				TARGETED_DEVICE_FAMILY = "1,2";
			};
			name = Release;
		};
		596D68AE28650E030090D5F3 /* Debug */ = {
			isa = XCBuildConfiguration;
			buildSettings = {
				ALWAYS_EMBED_SWIFT_STANDARD_LIBRARIES = YES;
				BUNDLE_LOADER = "$(TEST_HOST)";
				CODE_SIGN_STYLE = Automatic;
				CURRENT_PROJECT_VERSION = 1;
				GENERATE_INFOPLIST_FILE = YES;
				IPHONEOS_DEPLOYMENT_TARGET = 15.5;
				MARKETING_VERSION = 1.0;
				PRODUCT_BUNDLE_IDENTIFIER = "MAURICIO.Calculadora-iosTests";
				PRODUCT_NAME = "$(TARGET_NAME)";
				SWIFT_EMIT_LOC_STRINGS = NO;
				SWIFT_VERSION = 5.0;
				TARGETED_DEVICE_FAMILY = "1,2";
				TEST_HOST = "$(BUILT_PRODUCTS_DIR)/Calculadora ios.app/Calculadora ios";
			};
			name = Debug;
		};
		596D68AF28650E030090D5F3 /* Release */ = {
			isa = XCBuildConfiguration;
			buildSettings = {
				ALWAYS_EMBED_SWIFT_STANDARD_LIBRARIES = YES;
				BUNDLE_LOADER = "$(TEST_HOST)";
				CODE_SIGN_STYLE = Automatic;
				CURRENT_PROJECT_VERSION = 1;
				GENERATE_INFOPLIST_FILE = YES;
				IPHONEOS_DEPLOYMENT_TARGET = 15.5;
				MARKETING_VERSION = 1.0;
				PRODUCT_BUNDLE_IDENTIFIER = "MAURICIO.Calculadora-iosTests";
				PRODUCT_NAME = "$(TARGET_NAME)";
				SWIFT_EMIT_LOC_STRINGS = NO;
				SWIFT_VERSION = 5.0;
				TARGETED_DEVICE_FAMILY = "1,2";
				TEST_HOST = "$(BUILT_PRODUCTS_DIR)/Calculadora ios.app/Calculadora ios";
			};
			name = Release;
		};
		596D68B128650E030090D5F3 /* Debug */ = {
			isa = XCBuildConfiguration;
			buildSettings = {
				ALWAYS_EMBED_SWIFT_STANDARD_LIBRARIES = YES;
				CODE_SIGN_STYLE = Automatic;
				CURRENT_PROJECT_VERSION = 1;
				GENERATE_INFOPLIST_FILE = YES;
				MARKETING_VERSION = 1.0;
				PRODUCT_BUNDLE_IDENTIFIER = "MAURICIO.Calculadora-iosUITests";
				PRODUCT_NAME = "$(TARGET_NAME)";
				SWIFT_EMIT_LOC_STRINGS = NO;
				SWIFT_VERSION = 5.0;
				TARGETED_DEVICE_FAMILY = "1,2";
				TEST_TARGET_NAME = "Calculadora ios";
			};
			name = Debug;
		};
		596D68B228650E030090D5F3 /* Release */ = {
			isa = XCBuildConfiguration;
			buildSettings = {
				ALWAYS_EMBED_SWIFT_STANDARD_LIBRARIES = YES;
				CODE_SIGN_STYLE = Automatic;
				CURRENT_PROJECT_VERSION = 1;
				GENERATE_INFOPLIST_FILE = YES;
				MARKETING_VERSION = 1.0;
				PRODUCT_BUNDLE_IDENTIFIER = "MAURICIO.Calculadora-iosUITests";
				PRODUCT_NAME = "$(TARGET_NAME)";
				SWIFT_EMIT_LOC_STRINGS = NO;
				SWIFT_VERSION = 5.0;
				TARGETED_DEVICE_FAMILY = "1,2";
				TEST_TARGET_NAME = "Calculadora ios";
			};
			name = Release;
		};
/* End XCBuildConfiguration section */

/* Begin XCConfigurationList section */
		596D687B28650E010090D5F3 /* Build configuration list for PBXProject "Calculadora ios" */ = {
			isa = XCConfigurationList;
			buildConfigurations = (
				596D68A828650E030090D5F3 /* Debug */,
				596D68A928650E030090D5F3 /* Release */,
			);
			defaultConfigurationIsVisible = 0;
			defaultConfigurationName = Release;
		};
		596D68AA28650E030090D5F3 /* Build configuration list for PBXNativeTarget "Calculadora ios" */ = {
			isa = XCConfigurationList;
			buildConfigurations = (
				596D68AB28650E030090D5F3 /* Debug */,
				596D68AC28650E030090D5F3 /* Release */,
			);
			defaultConfigurationIsVisible = 0;
			defaultConfigurationName = Release;
		};
		596D68AD28650E030090D5F3 /* Build configuration list for PBXNativeTarget "Calculadora iosTests" */ = {
			isa = XCConfigurationList;
			buildConfigurations = (
				596D68AE28650E030090D5F3 /* Debug */,
				596D68AF28650E030090D5F3 /* Release */,
			);
			defaultConfigurationIsVisible = 0;
			defaultConfigurationName = Release;
		};
		596D68B028650E030090D5F3 /* Build configuration list for PBXNativeTarget "Calculadora iosUITests" */ = {
			isa = XCConfigurationList;
			buildConfigurations = (
				596D68B128650E030090D5F3 /* Debug */,
				596D68B228650E030090D5F3 /* Release */,
			);
			defaultConfigurationIsVisible = 0;
			defaultConfigurationName = Release;
		};
/* End XCConfigurationList section */
	};
	rootObject = 596D687828650E010090D5F3 /* Project object */;
}
